
Microsoft Visual Studio Solution File, Format Version 12.00
# Visual Studio Version 16
VisualStudioVersion = 16.0.30717.126
MinimumVisualStudioVersion = 10.0.40219.1
Project("{F2A71F9B-5D33-465A-A702-920D77279786}") = "FSharpUsingAsyncCalls", "FSharpUsingAsyncCalls\FSharpUsingAsyncCalls.fsproj", "{D1C8514C-F5E0-4190-BF9F-8CBAE5E468BC}"
EndProject
Global
	GlobalSection(SolutionConfigurationPlatforms) = preSolution
		Debug|Any CPU = Debug|Any CPU
		Release|Any CPU = Release|Any CPU
	EndGlobalSection
	GlobalSection(ProjectConfigurationPlatforms) = postSolution
		{D1C8514C-F5E0-4190-BF9F-8CBAE5E468BC}.Debug|Any CPU.ActiveCfg = Debug|Any CPU
		{D1C8514C-F5E0-4190-BF9F-8CBAE5E468BC}.Debug|Any CPU.Build.0 = Debug|Any CPU
		{D1C8514C-F5E0-4190-BF9F-8CBAE5E468BC}.Release|Any CPU.ActiveCfg = Release|Any CPU
		{D1C8514C-F5E0-4190-BF9F-8CBAE5E468BC}.Release|Any CPU.Build.0 = Release|Any CPU
	EndGlobalSection
	GlobalSection(SolutionProperties) = preSolution
		HideSolutionNode = FALSE
	EndGlobalSection
	GlobalSection(ExtensibilityGlobals) = postSolution
		SolutionGuid = {E2185351-125B-44B6-9437-1949C712BC02}
	EndGlobalSection
EndGlobal
